PODS:
  - Firebase/Core (5.15.0):
    - Firebase/CoreOnly
    - FirebaseAnalytics (= 5.4.0)
  - Firebase/CoreOnly (5.15.0):
    - FirebaseCore (= 5.1.10)
  - Firebase/Messaging (5.15.0):
    - Firebase/CoreOnly
    - FirebaseMessaging (= 3.2.2)
  - FirebaseAnalytics (5.4.0):
    - FirebaseCore (~> 5.1)
    - FirebaseInstanceID (~> 3.3)
    - GoogleAppMeasurement (= 5.4.0)
    - GoogleUtilities/AppDelegateSwizzler (~> 5.2)
    - GoogleUtilities/MethodSwizzler (~> 5.2)
    - GoogleUtilities/Network (~> 5.2)
    - "GoogleUtilities/NSData+zlib (~> 5.2)"
    - nanopb (~> 0.3)
  - FirebaseAnalyticsInterop (1.5.0)
  - FirebaseCore (5.1.10):
    - GoogleUtilities/Logger (~> 5.2)
  - FirebaseInstanceID (3.3.0):
    - FirebaseCore (~> 5.1)
    - GoogleUtilities/Environment (~> 5.3)
    - GoogleUtilities/UserDefaults (~> 5.3)
  - FirebaseMessaging (3.2.2):
    - FirebaseAnalyticsInterop (~> 1.1)
    - FirebaseCore (~> 5.1)
    - FirebaseInstanceID (~> 3.0)
    - GoogleUtilities/Environment (~> 5.2)
    - GoogleUtilities/Reachability (~> 5.2)
    - Protobuf (~> 3.1)
  - GoogleAppMeasurement (5.4.0):
    - GoogleUtilities/AppDelegateSwizzler (~> 5.2)
    - GoogleUtilities/MethodSwizzler (~> 5.2)
    - GoogleUtilities/Network (~> 5.2)
    - "GoogleUtilities/NSData+zlib (~> 5.2)"
    - nanopb (~> 0.3)
  - GoogleUtilities/AppDelegateSwizzler (5.8.0):
    - GoogleUtilities/Environment
    - GoogleUtilities/Logger
    - GoogleUtilities/Network
  - GoogleUtilities/Environment (5.8.0)
  - GoogleUtilities/Logger (5.8.0):
    - GoogleUtilities/Environment
  - GoogleUtilities/MethodSwizzler (5.8.0):
    - GoogleUtilities/Logger
  - GoogleUtilities/Network (5.8.0):
    - GoogleUtilities/Logger
    - "GoogleUtilities/NSData+zlib"
    - GoogleUtilities/Reachability
  - "GoogleUtilities/NSData+zlib (5.8.0)"
  - GoogleUtilities/Reachability (5.8.0):
    - GoogleUtilities/Logger
  - GoogleUtilities/UserDefaults (5.8.0):
    - GoogleUtilities/Logger
  - nanopb (0.3.9011):
    - nanopb/decode (= 0.3.9011)
    - nanopb/encode (= 0.3.9011)
  - nanopb/decode (0.3.9011)
  - nanopb/encode (0.3.9011)
  - Protobuf (3.9.0)
  - SwiftChart (1.0.1)

DEPENDENCIES:
  - Firebase/Core (~> 5.15.0)
  - Firebase/Messaging (~> 5.15.0)
  - Protobuf (= 3.9.0)
  - SwiftChart

SPEC REPOS:
  trunk:
    - Firebase
    - FirebaseAnalytics
    - FirebaseAnalyticsInterop
    - FirebaseCore
    - FirebaseInstanceID
    - FirebaseMessaging
    - GoogleAppMeasurement
    - GoogleUtilities
    - nanopb
    - Protobuf
    - SwiftChart

SPEC CHECKSUMS:
  Firebase: 8bb9268bff82374f2cbaaabb143e725743c316ae
  FirebaseAnalytics: c06f9d70577d79074214700a71fd5d39de5550fb
  FirebaseAnalyticsInterop: 3f86269c38ae41f47afeb43ebf32a001f58fcdae
  FirebaseCore: 35747502d9e8c6ee217385ad04446c7c2aaf9c5c
  FirebaseInstanceID: e2fa4cb35ef5558c200f7f0ad8a53e212215f93e
  FirebaseMessaging: b412996f6a09337d232bb3a6676ce4d1f353d024
  GoogleAppMeasurement: 98b71f5e04142793729a5ef23e5b96651ff4b70f
  GoogleUtilities: 04fce34bcd5620c1ee76fb79172105c74a4df335
  nanopb: 18003b5e52dab79db540fe93fe9579f399bd1ccd
  Protobuf: 1097ca58584c8d9be81bfbf2c5ff5975648dd87a
  SwiftChart: ba767a678d568a5ee22d419e146a0582865e1aff

PODFILE CHECKSUM: fa18b57937957dca3e486ca758f820b12c15fcb4

COCOAPODS: 1.15.2
